
Microsoft Visual Studio Solution File, Format Version 12.00
# Visual Studio 14
VisualStudioVersion = 14.0.25420.1
MinimumVisualStudioVersion = 10.0.40219.1
Project("{2150E333-8FDC-42A3-9474-1A3956D46DE8}") = "src", "src", "{7C0FD627-7AC4-4032-ABE2-B60BFECBF1BF}"
EndProject
Project("{2150E333-8FDC-42A3-9474-1A3956D46DE8}") = "Solution Items", "Solution Items", "{F2C7F166-66B2-42D2-85D8-07FF2B71894E}"
	ProjectSection(SolutionItems) = preProject
		global.json = global.json
		README.md = README.md
	EndProjectSection
EndProject
Project("{8BB2217D-0F2D-49D1-97BC-3654ED321F3B}") = "MetrySharp", "src\MetrySharp\MetrySharp.xproj", "{523DCB98-C316-4CFF-BB75-BBEFB5733D1D}"
EndProject
Project("{8BB2217D-0F2D-49D1-97BC-3654ED321F3B}") = "MetrySharpExample", "src\MetrySharpExample\MetrySharpExample.xproj", "{2D5060BD-6DEF-4E66-B805-BFD7A64CC473}"
EndProject
Global
	GlobalSection(SolutionConfigurationPlatforms) = preSolution
		Debug|Any CPU = Debug|Any CPU
		Release|Any CPU = Release|Any CPU
	EndGlobalSection
	GlobalSection(ProjectConfigurationPlatforms) = postSolution
		{523DCB98-C316-4CFF-BB75-BBEFB5733D1D}.Debug|Any CPU.ActiveCfg = Debug|Any CPU
		{523DCB98-C316-4CFF-BB75-BBEFB5733D1D}.Debug|Any CPU.Build.0 = Debug|Any CPU
		{523DCB98-C316-4CFF-BB75-BBEFB5733D1D}.Release|Any CPU.ActiveCfg = Release|Any CPU
		{523DCB98-C316-4CFF-BB75-BBEFB5733D1D}.Release|Any CPU.Build.0 = Release|Any CPU
		{2D5060BD-6DEF-4E66-B805-BFD7A64CC473}.Debug|Any CPU.ActiveCfg = Debug|Any CPU
		{2D5060BD-6DEF-4E66-B805-BFD7A64CC473}.Debug|Any CPU.Build.0 = Debug|Any CPU
		{2D5060BD-6DEF-4E66-B805-BFD7A64CC473}.Release|Any CPU.ActiveCfg = Release|Any CPU
		{2D5060BD-6DEF-4E66-B805-BFD7A64CC473}.Release|Any CPU.Build.0 = Release|Any CPU
	EndGlobalSection
	GlobalSection(SolutionProperties) = preSolution
		HideSolutionNode = FALSE
	EndGlobalSection
	GlobalSection(NestedProjects) = preSolution
		{523DCB98-C316-4CFF-BB75-BBEFB5733D1D} = {7C0FD627-7AC4-4032-ABE2-B60BFECBF1BF}
		{2D5060BD-6DEF-4E66-B805-BFD7A64CC473} = {7C0FD627-7AC4-4032-ABE2-B60BFECBF1BF}
	EndGlobalSection
EndGlobal
